// !$*UTF8*$!
{
	archiveVersion = 1;
	classes = {
	};
	objectVersion = 50;
	objects = {

/* Begin PBXBuildFile section */
		CC8FBB9A256693DF007577E6 /* FeatureItems.swift in Sources */ = {isa = PBXBuildFile; fileRef = CC8FBB99256693DF007577E6 /* FeatureItems.swift */; };
		CC8FBB9B256693DF007577E6 /* FeatureItems.swift in Sources */ = {isa = PBXBuildFile; fileRef = CC8FBB99256693DF007577E6 /* FeatureItems.swift */; };
		CC8FBBA22566F9A7007577E6 /* UIDevice+additions.swift in Sources */ = {isa = PBXBuildFile; fileRef = CC8FBBA12566F9A7007577E6 /* UIDevice+additions.swift */; };
		CC8FBBA32566F9A7007577E6 /* UIDevice+additions.swift in Sources */ = {isa = PBXBuildFile; fileRef = CC8FBBA12566F9A7007577E6 /* UIDevice+additions.swift */; };
		CCA900DD25667C9E00B8FDF1 /* Metal_Feature_QueryApp.swift in Sources */ = {isa = PBXBuildFile; fileRef = CCA900CA25667C9D00B8FDF1 /* Metal_Feature_QueryApp.swift */; };
		CCA900DE25667C9E00B8FDF1 /* Metal_Feature_QueryApp.swift in Sources */ = {isa = PBXBuildFile; fileRef = CCA900CA25667C9D00B8FDF1 /* Metal_Feature_QueryApp.swift */; };
		CCA900DF25667C9E00B8FDF1 /* ContentView.swift in Sources */ = {isa = PBXBuildFile; fileRef = CCA900CB25667C9D00B8FDF1 /* ContentView.swift */; };
		CCA900E025667C9E00B8FDF1 /* ContentView.swift in Sources */ = {isa = PBXBuildFile; fileRef = CCA900CB25667C9D00B8FDF1 /* ContentView.swift */; };
		CCA900E125667C9E00B8FDF1 /* Assets.xcassets in Resources */ = {isa = PBXBuildFile; fileRef = CCA900CC25667C9E00B8FDF1 /* Assets.xcassets */; };
		CCA900E225667C9E00B8FDF1 /* Assets.xcassets in Resources */ = {isa = PBXBuildFile; fileRef = CCA900CC25667C9E00B8FDF1 /* Assets.xcassets */; };
/* End PBXBuildFile section */

/* Begin PBXFileReference section */
		CC8FBB99256693DF007577E6 /* FeatureItems.swift */ = {isa = PBXFileReference; lastKnownFileType = sourcecode.swift; path = FeatureItems.swift; sourceTree = "<group>"; };
		CC8FBB9E2566F139007577E6 /* README.md */ = {isa = PBXFileReference; lastKnownFileType = net.daringfireball.markdown; path = README.md; sourceTree = "<group>"; };
		CC8FBBA12566F9A7007577E6 /* UIDevice+additions.swift */ = {isa = PBXFileReference; lastKnownFileType = sourcecode.swift; path = "UIDevice+additions.swift"; sourceTree = "<group>"; };
		CCA900CA25667C9D00B8FDF1 /* Metal_Feature_QueryApp.swift */ = {isa = PBXFileReference; lastKnownFileType = sourcecode.swift; path = Metal_Feature_QueryApp.swift; sourceTree = "<group>"; };
		CCA900CB25667C9D00B8FDF1 /* ContentView.swift */ = {isa = PBXFileReference; lastKnownFileType = sourcecode.swift; path = ContentView.swift; sourceTree = "<group>"; };
		CCA900CC25667C9E00B8FDF1 /* Assets.xcassets */ = {isa = PBXFileReference; lastKnownFileType = folder.assetcatalog; path = Assets.xcassets; sourceTree = "<group>"; };
		CCA900D125667C9E00B8FDF1 /* Metal-Feature-Query.app */ = {isa = PBXFileReference; explicitFileType = wrapper.application; includeInIndex = 0; path = "Metal-Feature-Query.app"; sourceTree = BUILT_PRODUCTS_DIR; };
		CCA900D425667C9E00B8FDF1 /* Info.plist */ = {isa = PBXFileReference; lastKnownFileType = text.plist.xml; path = Info.plist; sourceTree = "<group>"; };
		CCA900D925667C9E00B8FDF1 /* Metal-Feature-Query.app */ = {isa = PBXFileReference; explicitFileType = wrapper.application; includeInIndex = 0; path = "Metal-Feature-Query.app"; sourceTree = BUILT_PRODUCTS_DIR; };
		CCA900DB25667C9E00B8FDF1 /* Info.plist */ = {isa = PBXFileReference; lastKnownFileType = text.plist.xml; path = Info.plist; sourceTree = "<group>"; };
		CCA900DC25667C9E00B8FDF1 /* macOS.entitlements */ = {isa = PBXFileReference; lastKnownFileType = text.plist.entitlements; path = macOS.entitlements; sourceTree = "<group>"; };
/* End PBXFileReference section */

/* Begin PBXFrameworksBuildPhase section */
		CCA900CE25667C9E00B8FDF1 /* Frameworks */ = {
			isa = PBXFrameworksBuildPhase;
			buildActionMask = 2147483647;
			files = (
			);
			runOnlyForDeploymentPostprocessing = 0;
		};
		CCA900D625667C9E00B8FDF1 /* Frameworks */ = {
			isa = PBXFrameworksBuildPhase;
			buildActionMask = 2147483647;
			files = (
			);
			runOnlyForDeploymentPostprocessing = 0;
		};
/* End PBXFrameworksBuildPhase section */

/* Begin PBXGroup section */
		CCA900C425667C9D00B8FDF1 = {
			isa = PBXGroup;
			children = (
				CC8FBB9E2566F139007577E6 /* README.md */,
				CCA900C925667C9D00B8FDF1 /* Shared */,
				CCA900D325667C9E00B8FDF1 /* iOS */,
				CCA900DA25667C9E00B8FDF1 /* macOS */,
				CCA900D225667C9E00B8FDF1 /* Products */,
			);
			sourceTree = "<group>";
		};
		CCA900C925667C9D00B8FDF1 /* Shared */ = {
			isa = PBXGroup;
			children = (
				CCA900CA25667C9D00B8FDF1 /* Metal_Feature_QueryApp.swift */,
				CCA900CB25667C9D00B8FDF1 /* ContentView.swift */,
				CC8FBB99256693DF007577E6 /* FeatureItems.swift */,
				CCA900CC25667C9E00B8FDF1 /* Assets.xcassets */,
				CC8FBBA12566F9A7007577E6 /* UIDevice+additions.swift */,
			);
			path = Shared;
			sourceTree = "<group>";
		};
		CCA900D225667C9E00B8FDF1 /* Products */ = {
			isa = PBXGroup;
			children = (
				CCA900D125667C9E00B8FDF1 /* Metal-Feature-Query.app */,
				CCA900D925667C9E00B8FDF1 /* Metal-Feature-Query.app */,
			);
			name = Products;
			sourceTree = "<group>";
		};
		CCA900D325667C9E00B8FDF1 /* iOS */ = {
			isa = PBXGroup;
			children = (
				CCA900D425667C9E00B8FDF1 /* Info.plist */,
			);
			path = iOS;
			sourceTree = "<group>";
		};
		CCA900DA25667C9E00B8FDF1 /* macOS */ = {
			isa = PBXGroup;
			children = (
				CCA900DB25667C9E00B8FDF1 /* Info.plist */,
				CCA900DC25667C9E00B8FDF1 /* macOS.entitlements */,
			);
			path = macOS;
			sourceTree = "<group>";
		};
/* End PBXGroup section */

/* Begin PBXNativeTarget section */
		CCA900D025667C9E00B8FDF1 /* Metal-Feature-Query (iOS) */ = {
			isa = PBXNativeTarget;
			buildConfigurationList = CCA900E525667C9E00B8FDF1 /* Build configuration list for PBXNativeTarget "Metal-Feature-Query (iOS)" */;
			buildPhases = (
				CCA900CD25667C9E00B8FDF1 /* Sources */,
				CCA900CE25667C9E00B8FDF1 /* Frameworks */,
				CCA900CF25667C9E00B8FDF1 /* Resources */,
			);
			buildRules = (
			);
			dependencies = (
			);
			name = "Metal-Feature-Query (iOS)";
			productName = "Metal-Feature-Query (iOS)";
			productReference = CCA900D125667C9E00B8FDF1 /* Metal-Feature-Query.app */;
			productType = "com.apple.product-type.application";
		};
		CCA900D825667C9E00B8FDF1 /* Metal-Feature-Query (macOS) */ = {
			isa = PBXNativeTarget;
			buildConfigurationList = CCA900E825667C9E00B8FDF1 /* Build configuration list for PBXNativeTarget "Metal-Feature-Query (macOS)" */;
			buildPhases = (
				CCA900D525667C9E00B8FDF1 /* Sources */,
				CCA900D625667C9E00B8FDF1 /* Frameworks */,
				CCA900D725667C9E00B8FDF1 /* Resources */,
			);
			buildRules = (
			);
			dependencies = (
			);
			name = "Metal-Feature-Query (macOS)";
			productName = "Metal-Feature-Query (macOS)";
			productReference = CCA900D925667C9E00B8FDF1 /* Metal-Feature-Query.app */;
			productType = "com.apple.product-type.application";
		};
/* End PBXNativeTarget section */

/* Begin PBXProject section */
		CCA900C525667C9D00B8FDF1 /* Project object */ = {
			isa = PBXProject;
			attributes = {
				LastSwiftUpdateCheck = 1220;
				LastUpgradeCheck = 1220;
				TargetAttributes = {
					CCA900D025667C9E00B8FDF1 = {
						CreatedOnToolsVersion = 12.2;
					};
					CCA900D825667C9E00B8FDF1 = {
						CreatedOnToolsVersion = 12.2;
					};
				};
			};
			buildConfigurationList = CCA900C825667C9D00B8FDF1 /* Build configuration list for PBXProject "Metal-Feature-Query" */;
			compatibilityVersion = "Xcode 9.3";
			developmentRegion = en;
			hasScannedForEncodings = 0;
			knownRegions = (
				en,
				Base,
			);
			mainGroup = CCA900C425667C9D00B8FDF1;
			productRefGroup = CCA900D225667C9E00B8FDF1 /* Products */;
			projectDirPath = "";
			projectRoot = "";
			targets = (
				CCA900D025667C9E00B8FDF1 /* Metal-Feature-Query (iOS) */,
				CCA900D825667C9E00B8FDF1 /* Metal-Feature-Query (macOS) */,
			);
		};
/* End PBXProject section */

/* Begin PBXResourcesBuildPhase section */
		CCA900CF25667C9E00B8FDF1 /* Resources */ = {
			isa = PBXResourcesBuildPhase;
			buildActionMask = 2147483647;
			files = (
				CCA900E125667C9E00B8FDF1 /* Assets.xcassets in Resources */,
			);
			runOnlyForDeploymentPostprocessing = 0;
		};
		CCA900D725667C9E00B8FDF1 /* Resources */ = {
			isa = PBXResourcesBuildPhase;
			buildActionMask = 2147483647;
			files = (
				CCA900E225667C9E00B8FDF1 /* Assets.xcassets in Resources */,
			);
			runOnlyForDeploymentPostprocessing = 0;
		};
/* End PBXResourcesBuildPhase section */

/* Begin PBXSourcesBuildPhase section */
		CCA900CD25667C9E00B8FDF1 /* Sources */ = {
			isa = PBXSourcesBuildPhase;
			buildActionMask = 2147483647;
			files = (
				CCA900DF25667C9E00B8FDF1 /* ContentView.swift in Sources */,
				CC8FBB9A256693DF007577E6 /* FeatureItems.swift in Sources */,
				CCA900DD25667C9E00B8FDF1 /* Metal_Feature_QueryApp.swift in Sources */,
				CC8FBBA22566F9A7007577E6 /* UIDevice+additions.swift in Sources */,
			);
			runOnlyForDeploymentPostprocessing = 0;
		};
		CCA900D525667C9E00B8FDF1 /* Sources */ = {
			isa = PBXSourcesBuildPhase;
			buildActionMask = 2147483647;
			files = (
				CCA900E025667C9E00B8FDF1 /* ContentView.swift in Sources */,
				CC8FBB9B256693DF007577E6 /* FeatureItems.swift in Sources */,
				CCA900DE25667C9E00B8FDF1 /* Metal_Feature_QueryApp.swift in Sources */,
				CC8FBBA32566F9A7007577E6 /* UIDevice+additions.swift in Sources */,
			);
			runOnlyForDeploymentPostprocessing = 0;
		};
/* End PBXSourcesBuildPhase section */

/* Begin XCBuildConfiguration section */
		CCA900E325667C9E00B8FDF1 /* Debug */ = {
			isa = XCBuildConfiguration;
			buildSettings = {
				ALWAYS_SEARCH_USER_PATHS = NO;
				CLANG_ANALYZER_NONNULL = YES;
				CLANG_ANALYZER_NUMBER_OBJECT_CONVERSION = YES_AGGRESSIVE;
				CLANG_CXX_LANGUAGE_STANDARD = "gnu++14";
				CLANG_CXX_LIBRARY = "libc++";
				CLANG_ENABLE_MODULES = YES;
				CLANG_ENABLE_OBJC_ARC = YES;
				CLANG_ENABLE_OBJC_WEAK = YES;
				CLANG_WARN_BLOCK_CAPTURE_AUTORELEASING = YES;
				CLANG_WARN_BOOL_CONVERSION = YES;
				CLANG_WARN_COMMA = YES;
				CLANG_WARN_CONSTANT_CONVERSION = YES;
				CLANG_WARN_DEPRECATED_OBJC_IMPLEMENTATIONS = YES;
				CLANG_WARN_DIRECT_OBJC_ISA_USAGE = YES_ERROR;
				CLANG_WARN_DOCUMENTATION_COMMENTS = YES;
				CLANG_WARN_EMPTY_BODY = YES;
				CLANG_WARN_ENUM_CONVERSION = YES;
				CLANG_WARN_INFINITE_RECURSION = YES;
				CLANG_WARN_INT_CONVERSION = YES;
				CLANG_WARN_NON_LITERAL_NULL_CONVERSION = YES;
				CLANG_WARN_OBJC_IMPLICIT_RETAIN_SELF = YES;
				CLANG_WARN_OBJC_LITERAL_CONVERSION = YES;
				CLANG_WARN_OBJC_ROOT_CLASS = YES_ERROR;
				CLANG_WARN_QUOTED_INCLUDE_IN_FRAMEWORK_HEADER = YES;
				CLANG_WARN_RANGE_LOOP_ANALYSIS = YES;
				CLANG_WARN_STRICT_PROTOTYPES = YES;
				CLANG_WARN_SUSPICIOUS_MOVE = YES;
				CLANG_WARN_UNGUARDED_AVAILABILITY = YES_AGGRESSIVE;
				CLANG_WARN_UNREACHABLE_CODE = YES;
				CLANG_WARN__DUPLICATE_METHOD_MATCH = YES;
				COPY_PHASE_STRIP = NO;
				DEBUG_INFORMATION_FORMAT = dwarf;
				ENABLE_STRICT_OBJC_MSGSEND = YES;
				ENABLE_TESTABILITY = YES;
				GCC_C_LANGUAGE_STANDARD = gnu11;
				GCC_DYNAMIC_NO_PIC = NO;
				GCC_NO_COMMON_BLOCKS = YES;
				GCC_OPTIMIZATION_LEVEL = 0;
				GCC_PREPROCESSOR_DEFINITIONS = (
					"DEBUG=1",
					"$(inherited)",
				);
				GCC_WARN_64_TO_32_BIT_CONVERSION = YES;
				GCC_WARN_ABOUT_RETURN_TYPE = YES_ERROR;
				GCC_WARN_UNDECLARED_SELECTOR = YES;
				GCC_WARN_UNINITIALIZED_AUTOS = YES_AGGRESSIVE;
				GCC_WARN_UNUSED_FUNCTION = YES;
				GCC_WARN_UNUSED_VARIABLE = YES;
				MTL_ENABLE_DEBUG_INFO = INCLUDE_SOURCE;
				MTL_FAST_MATH = YES;
				ONLY_ACTIVE_ARCH = YES;
				SWIFT_ACTIVE_COMPILATION_CONDITIONS = DEBUG;
				SWIFT_OPTIMIZATION_LEVEL = "-Onone";
			};
			name = Debug;
		};
		CCA900E425667C9E00B8FDF1 /* Release */ = {
			isa = XCBuildConfiguration;
			buildSettings = {
				ALWAYS_SEARCH_USER_PATHS = NO;
				CLANG_ANALYZER_NONNULL = YES;
				CLANG_ANALYZER_NUMBER_OBJECT_CONVERSION = YES_AGGRESSIVE;
				CLANG_CXX_LANGUAGE_STANDARD = "gnu++14";
				CLANG_CXX_LIBRARY = "libc++";
				CLANG_ENABLE_MODULES = YES;
				CLANG_ENABLE_OBJC_ARC = YES;
				CLANG_ENABLE_OBJC_WEAK = YES;
				CLANG_WARN_BLOCK_CAPTURE_AUTORELEASING = YES;
				CLANG_WARN_BOOL_CONVERSION = YES;
				CLANG_WARN_COMMA = YES;
				CLANG_WARN_CONSTANT_CONVERSION = YES;
				CLANG_WARN_DEPRECATED_OBJC_IMPLEMENTATIONS = YES;
				CLANG_WARN_DIRECT_OBJC_ISA_USAGE = YES_ERROR;
				CLANG_WARN_DOCUMENTATION_COMMENTS = YES;
				CLANG_WARN_EMPTY_BODY = YES;
				CLANG_WARN_ENUM_CONVERSION = YES;
				CLANG_WARN_INFINITE_RECURSION = YES;
				CLANG_WARN_INT_CONVERSION = YES;
				CLANG_WARN_NON_LITERAL_NULL_CONVERSION = YES;
				CLANG_WARN_OBJC_IMPLICIT_RETAIN_SELF = YES;
				CLANG_WARN_OBJC_LITERAL_CONVERSION = YES;
				CLANG_WARN_OBJC_ROOT_CLASS = YES_ERROR;
				CLANG_WARN_QUOTED_INCLUDE_IN_FRAMEWORK_HEADER = YES;
				CLANG_WARN_RANGE_LOOP_ANALYSIS = YES;
				CLANG_WARN_STRICT_PROTOTYPES = YES;
				CLANG_WARN_SUSPICIOUS_MOVE = YES;
				CLANG_WARN_UNGUARDED_AVAILABILITY = YES_AGGRESSIVE;
				CLANG_WARN_UNREACHABLE_CODE = YES;
				CLANG_WARN__DUPLICATE_METHOD_MATCH = YES;
				COPY_PHASE_STRIP = NO;
				DEBUG_INFORMATION_FORMAT = "dwarf-with-dsym";
				ENABLE_NS_ASSERTIONS = NO;
				ENABLE_STRICT_OBJC_MSGSEND = YES;
				GCC_C_LANGUAGE_STANDARD = gnu11;
				GCC_NO_COMMON_BLOCKS = YES;
				GCC_WARN_64_TO_32_BIT_CONVERSION = YES;
				GCC_WARN_ABOUT_RETURN_TYPE = YES_ERROR;
				GCC_WARN_UNDECLARED_SELECTOR = YES;
				GCC_WARN_UNINITIALIZED_AUTOS = YES_AGGRESSIVE;
				GCC_WARN_UNUSED_FUNCTION = YES;
				GCC_WARN_UNUSED_VARIABLE = YES;
				MTL_ENABLE_DEBUG_INFO = NO;
				MTL_FAST_MATH = YES;
				SWIFT_COMPILATION_MODE = wholemodule;
				SWIFT_OPTIMIZATION_LEVEL = "-O";
			};
			name = Release;
		};
		CCA900E625667C9E00B8FDF1 /* Debug */ = {
			isa = XCBuildConfiguration;
			buildSettings = {
				ASSETCATALOG_COMPILER_APPICON_NAME = AppIcon;
				ASSETCATALOG_COMPILER_GLOBAL_ACCENT_COLOR_NAME = AccentColor;
				CODE_SIGN_STYLE = Automatic;
				DEVELOPMENT_TEAM = 2P97EM4L4N;
				ENABLE_PREVIEWS = YES;
				INFOPLIST_FILE = iOS/Info.plist;
				IPHONEOS_DEPLOYMENT_TARGET = 14.0;
				LD_RUNPATH_SEARCH_PATHS = (
					"$(inherited)",
					"@executable_path/Frameworks",
				);
				PRODUCT_BUNDLE_IDENTIFIER = "com.electricwoods.Metal-Feature-Query";
				PRODUCT_NAME = "Metal-Feature-Query";
				SDKROOT = iphoneos;
				SWIFT_VERSION = 5.0;
				TARGETED_DEVICE_FAMILY = "1,2";
			};
			name = Debug;
		};
		CCA900E725667C9E00B8FDF1 /* Release */ = {
			isa = XCBuildConfiguration;
			buildSettings = {
				ASSETCATALOG_COMPILER_APPICON_NAME = AppIcon;
				ASSETCATALOG_COMPILER_GLOBAL_ACCENT_COLOR_NAME = AccentColor;
				CODE_SIGN_STYLE = Automatic;
				DEVELOPMENT_TEAM = 2P97EM4L4N;
				ENABLE_PREVIEWS = YES;
				INFOPLIST_FILE = iOS/Info.plist;
				IPHONEOS_DEPLOYMENT_TARGET = 14.0;
				LD_RUNPATH_SEARCH_PATHS = (
					"$(inherited)",
					"@executable_path/Frameworks",
				);
				PRODUCT_BUNDLE_IDENTIFIER = "com.electricwoods.Metal-Feature-Query";
				PRODUCT_NAME = "Metal-Feature-Query";
				SDKROOT = iphoneos;
				SWIFT_VERSION = 5.0;
				TARGETED_DEVICE_FAMILY = "1,2";
				VALIDATE_PRODUCT = YES;
			};
			name = Release;
		};
		CCA900E925667C9E00B8FDF1 /* Debug */ = {
			isa = XCBuildConfiguration;
			buildSettings = {
				ASSETCATALOG_COMPILER_APPICON_NAME = AppIcon;
				ASSETCATALOG_COMPILER_GLOBAL_ACCENT_COLOR_NAME = AccentColor;
				CODE_SIGN_ENTITLEMENTS = macOS/macOS.entitlements;
				CODE_SIGN_STYLE = Automatic;
				COMBINE_HIDPI_IMAGES = YES;
				DEVELOPMENT_TEAM = 2P97EM4L4N;
				ENABLE_HARDENED_RUNTIME = YES;
				ENABLE_PREVIEWS = YES;
				INFOPLIST_FILE = macOS/Info.plist;
				LD_RUNPATH_SEARCH_PATHS = (
					"$(inherited)",
					"@executable_path/../Frameworks",
				);
				MACOSX_DEPLOYMENT_TARGET = 11.0;
				PRODUCT_BUNDLE_IDENTIFIER = "com.electricwoods.Metal-Feature-Query";
				PRODUCT_NAME = "Metal-Feature-Query";
				SDKROOT = macosx;
				SWIFT_VERSION = 5.0;
			};
			name = Debug;
		};
		CCA900EA25667C9E00B8FDF1 /* Release */ = {
			isa = XCBuildConfiguration;
			buildSettings = {
				ASSETCATALOG_COMPILER_APPICON_NAME = AppIcon;
				ASSETCATALOG_COMPILER_GLOBAL_ACCENT_COLOR_NAME = AccentColor;
				CODE_SIGN_ENTITLEMENTS = macOS/macOS.entitlements;
				CODE_SIGN_STYLE = Automatic;
				COMBINE_HIDPI_IMAGES = YES;
				DEVELOPMENT_TEAM = 2P97EM4L4N;
				ENABLE_HARDENED_RUNTIME = YES;
				ENABLE_PREVIEWS = YES;
				INFOPLIST_FILE = macOS/Info.plist;
				LD_RUNPATH_SEARCH_PATHS = (
					"$(inherited)",
					"@executable_path/../Frameworks",
				);
				MACOSX_DEPLOYMENT_TARGET = 11.0;
				PRODUCT_BUNDLE_IDENTIFIER = "com.electricwoods.Metal-Feature-Query";
				PRODUCT_NAME = "Metal-Feature-Query";
				SDKROOT = macosx;
				SWIFT_VERSION = 5.0;
			};
			name = Release;
		};
/* End XCBuildConfiguration section */

/* Begin XCConfigurationList section */
		CCA900C825667C9D00B8FDF1 /* Build configuration list for PBXProject "Metal-Feature-Query" */ = {
			isa = XCConfigurationList;
			buildConfigurations = (
				CCA900E325667C9E00B8FDF1 /* Debug */,
				CCA900E425667C9E00B8FDF1 /* Release */,
			);
			defaultConfigurationIsVisible = 0;
			defaultConfigurationName = Release;
		};
		CCA900E525667C9E00B8FDF1 /* Build configuration list for PBXNativeTarget "Metal-Feature-Query (iOS)" */ = {
			isa = XCConfigurationList;
			buildConfigurations = (
				CCA900E625667C9E00B8FDF1 /* Debug */,
				CCA900E725667C9E00B8FDF1 /* Release */,
			);
			defaultConfigurationIsVisible = 0;
			defaultConfigurationName = Release;
		};
		CCA900E825667C9E00B8FDF1 /* Build configuration list for PBXNativeTarget "Metal-Feature-Query (macOS)" */ = {
			isa = XCConfigurationList;
			buildConfigurations = (
				CCA900E925667C9E00B8FDF1 /* Debug */,
				CCA900EA25667C9E00B8FDF1 /* Release */,
			);
			defaultConfigurationIsVisible = 0;
			defaultConfigurationName = Release;
		};
/* End XCConfigurationList section */
	};
	rootObject = CCA900C525667C9D00B8FDF1 /* Project object */;
}
